
Microsoft Visual Studio Solution File, Format Version 12.00
Project("{FAE04EC0-301F-11D3-BF4B-00C04F79EFBC}") = "FolderTree", "FolderTree.csproj", "{FCA9C58B-380E-43EE-BE90-07F9A1E5BADF}"
EndProject
Global
	GlobalSection(SolutionConfigurationPlatforms) = preSolution
		Debug|Any CPU = Debug|Any CPU
		Release|Any CPU = Release|Any CPU
	EndGlobalSection
	GlobalSection(ProjectConfigurationPlatforms) = postSolution
		{FCA9C58B-380E-43EE-BE90-07F9A1E5BADF}.Debug|Any CPU.ActiveCfg = Debug|Any CPU
		{FCA9C58B-380E-43EE-BE90-07F9A1E5BADF}.Debug|Any CPU.Build.0 = Debug|Any CPU
		{FCA9C58B-380E-43EE-BE90-07F9A1E5BADF}.Release|Any CPU.ActiveCfg = Release|Any CPU
		{FCA9C58B-380E-43EE-BE90-07F9A1E5BADF}.Release|Any CPU.Build.0 = Release|Any CPU
	EndGlobalSection
EndGlobal
